// !$*UTF8*$!
{
	archiveVersion = 1;
	classes = {
	};
	objectVersion = 110;
	objects = {

/* Begin PBXBuildFile section */
		F957C3C63062A136007B022E /* Calories for watchOS Watch App.app in Embed Watch Content */ = {isa = PBXBuildFile; fileRef = F957C3BC3062A136007B022E /* Calories for watchOS Watch App.app */; settings = {ATTRIBUTES = (RemoveHeadersOnCopy, ); }; };
		F9E7209C3064058000E78CDC /* WidgetKit.framework in Frameworks */ = {isa = PBXBuildFile; fileRef = F9E7209B3064058000E78CDC /* WidgetKit.framework */; };
		F9E7209E3064058000E78CDC /* SwiftUI.framework in Frameworks */ = {isa = PBXBuildFile; fileRef = F9E7209D3064058000E78CDC /* SwiftUI.framework */; };
		F9E720AD3064058100E78CDC /* Calories WidgetsExtension Watch.appex in Embed Foundation Extensions */ = {isa = PBXBuildFile; fileRef = F9E720993064058000E78CDC /* Calories WidgetsExtension Watch.appex */; settings = {ATTRIBUTES = (RemoveHeadersOnCopy, ); }; };
		F9FF11863064211400E195FD /* SwiftUI.framework in Frameworks */ = {isa = PBXBuildFile; fileRef = F9E7209D3064058000E78CDC /* SwiftUI.framework */; };
		F9FF11873064211400E195FD /* WidgetKit.framework in Frameworks */ = {isa = PBXBuildFile; fileRef = F9E7209B3064058000E78CDC /* WidgetKit.framework */; };
		F9FF119B3064215400E195FD /* Calories WidgetsExtension.appex in Embed Foundation Extensions */ = {isa = PBXBuildFile; fileRef = F9FF118C3064211400E195FD /* Calories WidgetsExtension.appex */; settings = {ATTRIBUTES = (RemoveHeadersOnCopy, ); }; };
/* End PBXBuildFile section */

/* Begin PBXContainerItemProxy section */
		F957C3C43062A136007B022E /* PBXContainerItemProxy */ = {
			isa = PBXContainerItemProxy;
			containerPortal = F995DD3530603F1C00B69010 /* Project object */;
			proxyType = 1;
			remoteGlobalIDString = F957C3BB3062A136007B022E;
			remoteInfo = "Calories for watchOS Watch App";
		};
		F9E720AB3064058100E78CDC /* PBXContainerItemProxy */ = {
			isa = PBXContainerItemProxy;
			containerPortal = F995DD3530603F1C00B69010 /* Project object */;
			proxyType = 1;
			remoteGlobalIDString = F9E720983064058000E78CDC;
			remoteInfo = "Calories WidgetsExtension";
		};
		F9FF119C3064215400E195FD /* PBXContainerItemProxy */ = {
			isa = PBXContainerItemProxy;
			containerPortal = F995DD3530603F1C00B69010 /* Project object */;
			proxyType = 1;
			remoteGlobalIDString = F9FF11833064211400E195FD;
			remoteInfo = "Calories WidgetsExtension";
		};
/* End PBXContainerItemProxy section */

/* Begin PBXCopyFilesBuildPhase section */
		F957C3CA3062A136007B022E /* Embed Watch Content */ = {
			isa = PBXCopyFilesBuildPhase;
			dstPath = "$(CONTENTS_FOLDER_PATH)/Watch";
			dstSubfolder = Product;
			files = (
				F957C3C63062A136007B022E /* Calories for watchOS Watch App.app in Embed Watch Content */,
			);
			name = "Embed Watch Content";
		};
		F9E720B23064058100E78CDC /* Embed Foundation Extensions */ = {
			isa = PBXCopyFilesBuildPhase;
			dstPath = "";
			dstSubfolder = PlugIns;
			files = (
				F9E720AD3064058100E78CDC /* Calories WidgetsExtension Watch.appex in Embed Foundation Extensions */,
			);
			name = "Embed Foundation Extensions";
		};
		F9FF119E3064215400E195FD /* Embed Foundation Extensions */ = {
			isa = PBXCopyFilesBuildPhase;
			dstPath = "";
			dstSubfolder = PlugIns;
			files = (
				F9FF119B3064215400E195FD /* Calories WidgetsExtension.appex in Embed Foundation Extensions */,
			);
			name = "Embed Foundation Extensions";
		};
/* End PBXCopyFilesBuildPhase section */

/* Begin PBXFileReference section */
		F957C3BC3062A136007B022E /* Calories for watchOS Watch App.app */ = {isa = PBXFileReference; explicitFileType = wrapper.application; includeInIndex = 0; path = "Calories for watchOS Watch App.app"; sourceTree = BUILT_PRODUCTS_DIR; };
		F995DD3D30603F1C00B69010 /* Calories.app */ = {isa = PBXFileReference; explicitFileType = wrapper.application; includeInIndex = 0; path = Calories.app; sourceTree = BUILT_PRODUCTS_DIR; };
		F9E720993064058000E78CDC /* Calories WidgetsExtension Watch.appex */ = {isa = PBXFileReference; explicitFileType = "wrapper.app-extension"; includeInIndex = 0; path = "Calories WidgetsExtension Watch.appex"; sourceTree = BUILT_PRODUCTS_DIR; };
		F9E7209B3064058000E78CDC /* WidgetKit.framework */ = {isa = PBXFileReference; lastKnownFileType = wrapper.framework; name = WidgetKit.framework; path = System/Library/Frameworks/WidgetKit.framework; sourceTree = SDKROOT; };
		F9E7209D3064058000E78CDC /* SwiftUI.framework */ = {isa = PBXFileReference; lastKnownFileType = wrapper.framework; name = SwiftUI.framework; path = System/Library/Frameworks/SwiftUI.framework; sourceTree = SDKROOT; };
		F9FF117E30641CBB00E195FD /* Calories WidgetsExtension.entitlements */ = {isa = PBXFileReference; lastKnownFileType = text.plist.entitlements; path = "Calories WidgetsExtension.entitlements"; sourceTree = "<group>"; };
		F9FF118C3064211400E195FD /* Calories WidgetsExtension.appex */ = {isa = PBXFileReference; explicitFileType = "wrapper.app-extension"; includeInIndex = 0; path = "Calories WidgetsExtension.appex"; sourceTree = BUILT_PRODUCTS_DIR; };
		F9FF11983064211400E195FD /* Calories WidgetsExtension copy-Info.plist */ = {isa = PBXFileReference; lastKnownFileType = text.plist.xml; name = "Calories WidgetsExtension copy-Info.plist"; path = "/Users/radoslavbley/XcodeProjects/Personal/Calories/Calories WidgetsExtension copy-Info.plist"; sourceTree = "<absolute>"; };
/* End PBXFileReference section */

/* Begin PBXFileSystemSynchronizedBuildFileExceptionSet section */
		F922B886306459C000EE89A0 /* Exceptions for "Calories Widgets" folder in "Calories" target */ = {
			isa = PBXFileSystemSynchronizedBuildFileExceptionSet;
			membershipExceptions = (
				CaloriesRingsWidgets.swift,
				LaunchAppWidgetControl.swift,
				LogCaloriesWidgetControl.swift,
			);
			target = F995DD3C30603F1C00B69010 /* Calories */;
		};
		F922B887306459C000EE89A0 /* Exceptions for "Calories Widgets" folder in "Calories for watchOS Watch App" target */ = {
			isa = PBXFileSystemSynchronizedBuildFileExceptionSet;
			membershipExceptions = (
				CaloriesRingsWidgets.swift,
				LaunchAppWidgetControl.swift,
				LogCaloriesWidgetControl.swift,
			);
			target = F957C3BB3062A136007B022E /* Calories for watchOS Watch App */;
		};
		F957C3D93062A15F007B022E /* Exceptions for "Calories" folder in "Calories for watchOS Watch App" target */ = {
			isa = PBXFileSystemSynchronizedBuildFileExceptionSet;
			membershipExceptions = (
				AppIcon.icon,
				Assets.xcassets,
				Enumerations/FocusedField.swift,
				Enumerations/Unit.swift,
				Extensions/environments.swift,
				Extensions/formattedValue.swift,
				Extensions/isToday.swift,
				Extensions/overlays.swift,
				Extensions/sampleFormattedDate.swift,
				Structures/EnergyData.swift,
				Structures/HealthStoreClientConfirmation.swift,
				Structures/HealthStoreClientError.swift,
				ViewModels/CaloriesViewModel.swift,
				ViewModels/HealthStoreClient.swift,
				ViewModels/HistoricalDataViewModel.swift,
				ViewModels/NewEntryViewModel.swift,
				Views/HistoricalDataView.swift,
				Views/SampleDetailView.swift,
			);
			target = F957C3BB3062A136007B022E /* Calories for watchOS Watch App */;
		};
		F9B3C1D33062D5AA005F903E /* Exceptions for "Calories for watchOS Watch App" folder in "Calories" target */ = {
			isa = PBXFileSystemSynchronizedBuildFileExceptionSet;
			membershipExceptions = (
				Views/Rings/Ring.swift,
				WatchSyncManager.swift,
			);
			target = F995DD3C30603F1C00B69010 /* Calories */;
		};
		F9BF5F4E3064355C0088142C /* Exceptions for "Calories for watchOS Watch App" folder in "Calories WidgetsExtension Watch" target */ = {
			isa = PBXFileSystemSynchronizedBuildFileExceptionSet;
			membershipExceptions = (
				Views/Rings/Ring.swift,
				WatchSyncManager.swift,
			);
			target = F9E720983064058000E78CDC /* Calories WidgetsExtension Watch */;
		};
		F9BF5F4F3064355C0088142C /* Exceptions for "Calories for watchOS Watch App" folder in "Calories WidgetsExtension" target */ = {
			isa = PBXFileSystemSynchronizedBuildFileExceptionSet;
			membershipExceptions = (
				Views/Rings/Ring.swift,
				WatchSyncManager.swift,
			);
			target = F9FF11833064211400E195FD /* Calories WidgetsExtension */;
		};
		F9E720B13064058100E78CDC /* Exceptions for "Calories Widgets" folder in "Calories WidgetsExtension Watch" target */ = {
			isa = PBXFileSystemSynchronizedBuildFileExceptionSet;
			membershipExceptions = (
				Info.plist,
			);
			target = F9E720983064058000E78CDC /* Calories WidgetsExtension Watch */;
		};
		F9EE9F6B3064148D00157F7D /* Exceptions for "Calories" folder in "Calories WidgetsExtension Watch" target */ = {
			isa = PBXFileSystemSynchronizedBuildFileExceptionSet;
			membershipExceptions = (
				Enumerations/Unit.swift,
				Extensions/formattedValue.swift,
				Structures/HealthStoreClientConfirmation.swift,
				Structures/HealthStoreClientError.swift,
				ViewModels/CaloriesViewModel.swift,
				ViewModels/HealthStoreClient.swift,
			);
			target = F9E720983064058000E78CDC /* Calories WidgetsExtension Watch */;
		};
		F9FF11993064211500E195FD /* Exceptions for "Calories Widgets" folder in "Calories WidgetsExtension" target */ = {
			isa = PBXFileSystemSynchronizedBuildFileExceptionSet;
			membershipExceptions = (
				Info.plist,
			);
			target = F9FF11833064211400E195FD /* Calories WidgetsExtension */;
		};
		F9FF119A3064211500E195FD /* Exceptions for "Calories" folder in "Calories WidgetsExtension" target */ = {
			isa = PBXFileSystemSynchronizedBuildFileExceptionSet;
			membershipExceptions = (
				Assets.xcassets,
				Enumerations/Unit.swift,
				Extensions/formattedValue.swift,
				Structures/HealthStoreClientConfirmation.swift,
				Structures/HealthStoreClientError.swift,
				ViewModels/CaloriesViewModel.swift,
				ViewModels/HealthStoreClient.swift,
				Views/ProgressViews/SemicircleProgressView.swift,
			);
			target = F9FF11833064211400E195FD /* Calories WidgetsExtension */;
		};
/* End PBXFileSystemSynchronizedBuildFileExceptionSet section */

/* Begin PBXFileSystemSynchronizedRootGroup section */
		F957C3BD3062A136007B022E /* Calories for watchOS Watch App */ = {
			isa = PBXFileSystemSynchronizedRootGroup;
			exceptions = (
				F9B3C1D33062D5AA005F903E /* Exceptions for "Calories for watchOS Watch App" folder in "Calories" target */,
				F9BF5F4E3064355C0088142C /* Exceptions for "Calories for watchOS Watch App" folder in "Calories WidgetsExtension Watch" target */,
				F9BF5F4F3064355C0088142C /* Exceptions for "Calories for watchOS Watch App" folder in "Calories WidgetsExtension" target */,
			);
			path = "Calories for watchOS Watch App";
			sourceTree = "<group>";
		};
		F995DD3F30603F1C00B69010 /* Calories */ = {
			isa = PBXFileSystemSynchronizedRootGroup;
			exceptions = (
				F957C3D93062A15F007B022E /* Exceptions for "Calories" folder in "Calories for watchOS Watch App" target */,
				F9EE9F6B3064148D00157F7D /* Exceptions for "Calories" folder in "Calories WidgetsExtension Watch" target */,
				F9FF119A3064211500E195FD /* Exceptions for "Calories" folder in "Calories WidgetsExtension" target */,
			);
			path = Calories;
			sourceTree = "<group>";
		};
		F9E7209F3064058000E78CDC /* Calories Widgets */ = {
			isa = PBXFileSystemSynchronizedRootGroup;
			exceptions = (
				F922B886306459C000EE89A0 /* Exceptions for "Calories Widgets" folder in "Calories" target */,
				F922B887306459C000EE89A0 /* Exceptions for "Calories Widgets" folder in "Calories for watchOS Watch App" target */,
				F9E720B13064058100E78CDC /* Exceptions for "Calories Widgets" folder in "Calories WidgetsExtension Watch" target */,
				F9FF11993064211500E195FD /* Exceptions for "Calories Widgets" folder in "Calories WidgetsExtension" target */,
			);
			path = "Calories Widgets";
			sourceTree = "<group>";
		};
/* End PBXFileSystemSynchronizedRootGroup section */

/* Begin PBXFrameworksBuildPhase section */
		F957C3B93062A136007B022E /* Frameworks */ = {
			isa = PBXFrameworksBuildPhase;
			files = (
			);
		};
		F995DD3A30603F1C00B69010 /* Frameworks */ = {
			isa = PBXFrameworksBuildPhase;
			files = (
			);
		};
		F9E720963064058000E78CDC /* Frameworks */ = {
			isa = PBXFrameworksBuildPhase;
			files = (
				F9E7209E3064058000E78CDC /* SwiftUI.framework in Frameworks */,
				F9E7209C3064058000E78CDC /* WidgetKit.framework in Frameworks */,
			);
		};
		F9FF11853064211400E195FD /* Frameworks */ = {
			isa = PBXFrameworksBuildPhase;
			files = (
				F9FF11863064211400E195FD /* SwiftUI.framework in Frameworks */,
				F9FF11873064211400E195FD /* WidgetKit.framework in Frameworks */,
			);
		};
/* End PBXFrameworksBuildPhase section */

/* Begin PBXGroup section */
		F995DD3430603F1C00B69010 = {
			isa = PBXGroup;
			children = (
				F9FF117E30641CBB00E195FD /* Calories WidgetsExtension.entitlements */,
				F995DD3F30603F1C00B69010 /* Calories */,
				F957C3BD3062A136007B022E /* Calories for watchOS Watch App */,
				F9E7209F3064058000E78CDC /* Calories Widgets */,
				F9E7209A3064058000E78CDC /* Frameworks */,
				F9FF11983064211400E195FD /* Calories WidgetsExtension copy-Info.plist */,
				F995DD3E30603F1C00B69010 /* Products */,
			);
			sourceTree = "<group>";
		};
		F995DD3E30603F1C00B69010 /* Products */ = {
			isa = PBXGroup;
			children = (
				F995DD3D30603F1C00B69010 /* Calories.app */,
				F957C3BC3062A136007B022E /* Calories for watchOS Watch App.app */,
				F9E720993064058000E78CDC /* Calories WidgetsExtension Watch.appex */,
				F9FF118C3064211400E195FD /* Calories WidgetsExtension.appex */,
			);
			name = Products;
			sourceTree = "<group>";
		};
		F9E7209A3064058000E78CDC /* Frameworks */ = {
			isa = PBXGroup;
			children = (
				F9E7209B3064058000E78CDC /* WidgetKit.framework */,
				F9E7209D3064058000E78CDC /* SwiftUI.framework */,
			);
			name = Frameworks;
			sourceTree = "<group>";
		};
/* End PBXGroup section */

/* Begin PBXNativeTarget section */
		F957C3BB3062A136007B022E /* Calories for watchOS Watch App */ = {
			isa = PBXNativeTarget;
			buildConfigurationList = F957C3C73062A136007B022E /* Build configuration list for PBXNativeTarget "Calories for watchOS Watch App" */;
			buildPhases = (
				F957C3B83062A136007B022E /* Sources */,
				F957C3B93062A136007B022E /* Frameworks */,
				F957C3BA3062A136007B022E /* Resources */,
				F9E720B23064058100E78CDC /* Embed Foundation Extensions */,
			);
			buildRules = (
			);
			dependencies = (
				F9E720AC3064058100E78CDC /* PBXTargetDependency */,
			);
			fileSystemSynchronizedGroups = (
				F957C3BD3062A136007B022E /* Calories for watchOS Watch App */,
			);
			name = "Calories for watchOS Watch App";
			productName = "Calories for watchOS Watch App";
			productReference = F957C3BC3062A136007B022E /* Calories for watchOS Watch App.app */;
			productType = "com.apple.product-type.application";
		};
		F995DD3C30603F1C00B69010 /* Calories */ = {
			isa = PBXNativeTarget;
			buildConfigurationList = F995DD4830603F1D00B69010 /* Build configuration list for PBXNativeTarget "Calories" */;
			buildPhases = (
				F995DD3930603F1C00B69010 /* Sources */,
				F995DD3A30603F1C00B69010 /* Frameworks */,
				F995DD3B30603F1C00B69010 /* Resources */,
				F957C3CA3062A136007B022E /* Embed Watch Content */,
				F9FF119E3064215400E195FD /* Embed Foundation Extensions */,
			);
			buildRules = (
			);
			dependencies = (
				F957C3C53062A136007B022E /* PBXTargetDependency */,
				F9FF119D3064215400E195FD /* PBXTargetDependency */,
			);
			fileSystemSynchronizedGroups = (
				F995DD3F30603F1C00B69010 /* Calories */,
			);
			name = Calories;
			productName = Calories;
			productReference = F995DD3D30603F1C00B69010 /* Calories.app */;
			productType = "com.apple.product-type.application";
		};
		F9E720983064058000E78CDC /* Calories WidgetsExtension Watch */ = {
			isa = PBXNativeTarget;
			buildConfigurationList = F9E720AE3064058100E78CDC /* Build configuration list for PBXNativeTarget "Calories WidgetsExtension Watch" */;
			buildPhases = (
				F9E720953064058000E78CDC /* Sources */,
				F9E720963064058000E78CDC /* Frameworks */,
				F9E720973064058000E78CDC /* Resources */,
			);
			buildRules = (
			);
			fileSystemSynchronizedGroups = (
				F9E7209F3064058000E78CDC /* Calories Widgets */,
			);
			name = "Calories WidgetsExtension Watch";
			productName = "Calories WidgetsExtension";
			productReference = F9E720993064058000E78CDC /* Calories WidgetsExtension Watch.appex */;
			productType = "com.apple.product-type.app-extension";
		};
		F9FF11833064211400E195FD /* Calories WidgetsExtension */ = {
			isa = PBXNativeTarget;
			buildConfigurationList = F9FF11893064211400E195FD /* Build configuration list for PBXNativeTarget "Calories WidgetsExtension" */;
			buildPhases = (
				F9FF11843064211400E195FD /* Sources */,
				F9FF11853064211400E195FD /* Frameworks */,
				F9FF11883064211400E195FD /* Resources */,
			);
			buildRules = (
			);
			fileSystemSynchronizedGroups = (
				F9E7209F3064058000E78CDC /* Calories Widgets */,
			);
			name = "Calories WidgetsExtension";
			productName = "Calories WidgetsExtension";
			productReference = F9FF118C3064211400E195FD /* Calories WidgetsExtension.appex */;
			productType = "com.apple.product-type.app-extension";
		};
/* End PBXNativeTarget section */

/* Begin PBXProject section */
		F995DD3530603F1C00B69010 /* Project object */ = {
			isa = PBXProject;
			attributes = {
				BuildIndependentTargetsInParallel = 1;
				LastSwiftUpdateCheck = 2700;
				LastUpgradeCheck = 2700;
				TargetAttributes = {
					F957C3BB3062A136007B022E = {
						CreatedOnToolsVersion = 27.0;
					};
					F995DD3C30603F1C00B69010 = {
						CreatedOnToolsVersion = 27.0;
					};
					F9E720983064058000E78CDC = {
						CreatedOnToolsVersion = 27.0;
					};
				};
			};
			buildConfigurationList = F995DD3830603F1C00B69010 /* Build configuration list for PBXProject "Calories" */;
			developmentRegion = en;
			hasScannedForEncodings = 0;
			knownRegions = (
				en,
				Base,
			);
			mainGroup = F995DD3430603F1C00B69010;
			minimizedProjectReferenceProxies = 1;
			packageReferences = (
			);
			preferredProjectObjectVersion = 77;
			productRefGroup = F995DD3E30603F1C00B69010 /* Products */;
			projectDirPath = "";
			projectRoot = "";
			targets = (
				F995DD3C30603F1C00B69010 /* Calories */,
				F957C3BB3062A136007B022E /* Calories for watchOS Watch App */,
				F9E720983064058000E78CDC /* Calories WidgetsExtension Watch */,
				F9FF11833064211400E195FD /* Calories WidgetsExtension */,
			);
		};
/* End PBXProject section */

/* Begin PBXResourcesBuildPhase section */
		F957C3BA3062A136007B022E /* Resources */ = {
			isa = PBXResourcesBuildPhase;
			files = (
			);
		};
		F995DD3B30603F1C00B69010 /* Resources */ = {
			isa = PBXResourcesBuildPhase;
			files = (
			);
		};
		F9E720973064058000E78CDC /* Resources */ = {
			isa = PBXResourcesBuildPhase;
			files = (
			);
		};
		F9FF11883064211400E195FD /* Resources */ = {
			isa = PBXResourcesBuildPhase;
			files = (
			);
		};
/* End PBXResourcesBuildPhase section */

/* Begin PBXSourcesBuildPhase section */
		F957C3B83062A136007B022E /* Sources */ = {
			isa = PBXSourcesBuildPhase;
			files = (
			);
		};
		F995DD3930603F1C00B69010 /* Sources */ = {
			isa = PBXSourcesBuildPhase;
			files = (
			);
		};
		F9E720953064058000E78CDC /* Sources */ = {
			isa = PBXSourcesBuildPhase;
			files = (
			);
		};
		F9FF11843064211400E195FD /* Sources */ = {
			isa = PBXSourcesBuildPhase;
			files = (
			);
		};
/* End PBXSourcesBuildPhase section */

/* Begin PBXTargetDependency section */
		F957C3C53062A136007B022E /* PBXTargetDependency */ = {
			isa = PBXTargetDependency;
			target = F957C3BB3062A136007B022E /* Calories for watchOS Watch App */;
			targetProxy = F957C3C43062A136007B022E /* PBXContainerItemProxy */;
		};
		F9E720AC3064058100E78CDC /* PBXTargetDependency */ = {
			isa = PBXTargetDependency;
			target = F9E720983064058000E78CDC /* Calories WidgetsExtension Watch */;
			targetProxy = F9E720AB3064058100E78CDC /* PBXContainerItemProxy */;
		};
		F9FF119D3064215400E195FD /* PBXTargetDependency */ = {
			isa = PBXTargetDependency;
			target = F9FF11833064211400E195FD /* Calories WidgetsExtension */;
			targetProxy = F9FF119C3064215400E195FD /* PBXContainerItemProxy */;
		};
/* End PBXTargetDependency section */

/* Begin XCBuildConfiguration section */
		F957C3C83062A136007B022E /* Debug configuration for PBXNativeTarget "Calories for watchOS Watch App" */ = {
			isa = XCBuildConfiguration;
			buildSettings = {
				ASSETCATALOG_COMPILER_APPICON_NAME = AppIcon;
				ASSETCATALOG_COMPILER_GLOBAL_ACCENT_COLOR_NAME = AccentColor;
				CODE_SIGN_ENTITLEMENTS = "Calories for watchOS Watch App/Calories for watchOS Watch App.entitlements";
				CODE_SIGN_STYLE = Automatic;
				CURRENT_PROJECT_VERSION = 1;
				DEVELOPMENT_TEAM = DZT7WAAW32;
				ENABLE_PREVIEWS = YES;
				GENERATE_INFOPLIST_FILE = YES;
				INFOPLIST_KEY_CFBundleDisplayName = "Calories for watchOS";
				INFOPLIST_KEY_NSHealthClinicalHealthRecordsShareUsageDescription = "This app does not access your clinical health records, but this permission is required by the system for HealthKit integration.";
				INFOPLIST_KEY_NSHealthShareUsageDescription = "This app requires access to your health data to read your daily calorie intake and help you track it against your limit.";
				INFOPLIST_KEY_NSHealthUpdateUsageDescription = "This app requires access to your health data to read your daily calorie intake and help you track it against your limit.";
				INFOPLIST_KEY_UISupportedInterfaceOrientations = "UIInterfaceOrientationPortrait UIInterfaceOrientationPortraitUpsideDown";
				INFOPLIST_KEY_WKCompanionAppBundleIdentifier = com.radobley.Calories;
				INFOPLIST_KEY_WKRunsIndependentlyOfCompanionApp = YES;
				LD_RUNPATH_SEARCH_PATHS = (
					"$(inherited)",
					"@executable_path/Frameworks",
				);
				MARKETING_VERSION = 1.0;
				PRODUCT_BUNDLE_IDENTIFIER = com.radobley.Calories.watchkitapp;
				PRODUCT_NAME = "$(TARGET_NAME)";
				SDKROOT = watchos;
				SKIP_INSTALL = YES;
				STRING_CATALOG_GENERATE_SYMBOLS = YES;
				SWIFT_APPROACHABLE_CONCURRENCY = YES;
				SWIFT_DEFAULT_ACTOR_ISOLATION = MainActor;
				SWIFT_EMIT_LOC_STRINGS = YES;
				SWIFT_UPCOMING_FEATURE_MEMBER_IMPORT_VISIBILITY = YES;
				SWIFT_VERSION = 5.0;
				TARGETED_DEVICE_FAMILY = 4;
				WATCHOS_DEPLOYMENT_TARGET = 26.0;
			};
			name = Debug;
		};
		F957C3C93062A136007B022E /* Release configuration for PBXNativeTarget "Calories for watchOS Watch App" */ = {
			isa = XCBuildConfiguration;
			buildSettings = {
				ASSETCATALOG_COMPILER_APPICON_NAME = AppIcon;
				ASSETCATALOG_COMPILER_GLOBAL_ACCENT_COLOR_NAME = AccentColor;
				CODE_SIGN_ENTITLEMENTS = "Calories for watchOS Watch App/Calories for watchOS Watch App.entitlements";
				CODE_SIGN_STYLE = Automatic;
				CURRENT_PROJECT_VERSION = 1;
				DEVELOPMENT_TEAM = DZT7WAAW32;
				ENABLE_PREVIEWS = YES;
				GENERATE_INFOPLIST_FILE = YES;
				INFOPLIST_KEY_CFBundleDisplayName = "Calories for watchOS";
				INFOPLIST_KEY_NSHealthClinicalHealthRecordsShareUsageDescription = "This app does not access your clinical health records, but this permission is required by the system for HealthKit integration.";
				INFOPLIST_KEY_NSHealthShareUsageDescription = "This app requires access to your health data to read your daily calorie intake and help you track it against your limit.";
				INFOPLIST_KEY_NSHealthUpdateUsageDescription = "This app requires access to your health data to read your daily calorie intake and help you track it against your limit.";
				INFOPLIST_KEY_UISupportedInterfaceOrientations = "UIInterfaceOrientationPortrait UIInterfaceOrientationPortraitUpsideDown";
				INFOPLIST_KEY_WKCompanionAppBundleIdentifier = com.radobley.Calories;
				INFOPLIST_KEY_WKRunsIndependentlyOfCompanionApp = YES;
				LD_RUNPATH_SEARCH_PATHS = (
					"$(inherited)",
					"@executable_path/Frameworks",
				);
				MARKETING_VERSION = 1.0;
				PRODUCT_BUNDLE_IDENTIFIER = com.radobley.Calories.watchkitapp;
				PRODUCT_NAME = "$(TARGET_NAME)";
				SDKROOT = watchos;
				SKIP_INSTALL = YES;
				STRING_CATALOG_GENERATE_SYMBOLS = YES;
				SWIFT_APPROACHABLE_CONCURRENCY = YES;
				SWIFT_DEFAULT_ACTOR_ISOLATION = MainActor;
				SWIFT_EMIT_LOC_STRINGS = YES;
				SWIFT_UPCOMING_FEATURE_MEMBER_IMPORT_VISIBILITY = YES;
				SWIFT_VERSION = 5.0;
				TARGETED_DEVICE_FAMILY = 4;
				VALIDATE_PRODUCT = YES;
				WATCHOS_DEPLOYMENT_TARGET = 26.0;
			};
			name = Release;
		};
		F995DD4630603F1D00B69010 /* Debug configuration for PBXProject "Calories" */ = {
			isa = XCBuildConfiguration;
			buildSettings = {
				ALWAYS_SEARCH_USER_PATHS = NO;
				ASSETCATALOG_COMPILER_GENERATE_SWIFT_ASSET_SYMBOL_EXTENSIONS = YES;
				CLANG_ANALYZER_NONNULL = YES;
				CLANG_ANALYZER_NUMBER_OBJECT_CONVERSION = YES_AGGRESSIVE;
				CLANG_CXX_LANGUAGE_STANDARD = "gnu++20";
				CLANG_ENABLE_MODULES = YES;
				CLANG_ENABLE_OBJC_ARC = YES;
				CLANG_ENABLE_OBJC_WEAK = YES;
				CLANG_WARN_BLOCK_CAPTURE_AUTORELEASING = YES;
				CLANG_WARN_BOOL_CONVERSION = YES;
				CLANG_WARN_COMMA = YES;
				CLANG_WARN_CONSTANT_CONVERSION = YES;
				CLANG_WARN_DEPRECATED_OBJC_IMPLEMENTATIONS = YES;
				CLANG_WARN_DIRECT_OBJC_ISA_USAGE = YES_ERROR;
				CLANG_WARN_DOCUMENTATION_COMMENTS = YES;
				CLANG_WARN_EMPTY_BODY = YES;
				CLANG_WARN_ENUM_CONVERSION = YES;
				CLANG_WARN_INFINITE_RECURSION = YES;
				CLANG_WARN_INT_CONVERSION = YES;
				CLANG_WARN_NON_LITERAL_NULL_CONVERSION = YES;
				CLANG_WARN_OBJC_IMPLICIT_RETAIN_SELF = YES;
				CLANG_WARN_OBJC_LITERAL_CONVERSION = YES;
				CLANG_WARN_OBJC_ROOT_CLASS = YES_ERROR;
				CLANG_WARN_QUOTED_INCLUDE_IN_FRAMEWORK_HEADER = YES;
				CLANG_WARN_RANGE_LOOP_ANALYSIS = YES;
				CLANG_WARN_STRICT_PROTOTYPES = YES;
				CLANG_WARN_SUSPICIOUS_MOVE = YES;
				CLANG_WARN_UNGUARDED_AVAILABILITY = YES_AGGRESSIVE;
				CLANG_WARN_UNREACHABLE_CODE = YES;
				CLANG_WARN__DUPLICATE_METHOD_MATCH = YES;
				COPY_PHASE_STRIP = NO;
				DEAD_CODE_STRIPPING = YES;
				DEBUG_INFORMATION_FORMAT = dwarf;
				DEVELOPMENT_TEAM = DZT7WAAW32;
				ENABLE_STRICT_OBJC_MSGSEND = YES;
				ENABLE_TESTABILITY = YES;
				ENABLE_USER_SCRIPT_SANDBOXING = YES;
				GCC_C_LANGUAGE_STANDARD = gnu17;
				GCC_DYNAMIC_NO_PIC = NO;
				GCC_NO_COMMON_BLOCKS = YES;
				GCC_OPTIMIZATION_LEVEL = 0;
				GCC_PREPROCESSOR_DEFINITIONS = (
					"DEBUG=1",
					"$(inherited)",
				);
				GCC_WARN_64_TO_32_BIT_CONVERSION = YES;
				GCC_WARN_ABOUT_RETURN_TYPE = YES_ERROR;
				GCC_WARN_UNDECLARED_SELECTOR = YES;
				GCC_WARN_UNINITIALIZED_AUTOS = YES_AGGRESSIVE;
				GCC_WARN_UNUSED_FUNCTION = YES;
				GCC_WARN_UNUSED_VARIABLE = YES;
				LOCALIZATION_PREFERS_STRING_CATALOGS = YES;
				MTL_ENABLE_DEBUG_INFO = INCLUDE_SOURCE;
				MTL_FAST_MATH = YES;
				ONLY_ACTIVE_ARCH = YES;
				STRING_CATALOG_GENERATE_SYMBOLS = YES;
				SWIFT_ACTIVE_COMPILATION_CONDITIONS = "DEBUG $(inherited)";
				SWIFT_OPTIMIZATION_LEVEL = "-Onone";
			};
			name = Debug;
		};
		F995DD4730603F1D00B69010 /* Release configuration for PBXProject "Calories" */ = {
			isa = XCBuildConfiguration;
			buildSettings = {
				ALWAYS_SEARCH_USER_PATHS = NO;
				ASSETCATALOG_COMPILER_GENERATE_SWIFT_ASSET_SYMBOL_EXTENSIONS = YES;
				CLANG_ANALYZER_NONNULL = YES;
				CLANG_ANALYZER_NUMBER_OBJECT_CONVERSION = YES_AGGRESSIVE;
				CLANG_CXX_LANGUAGE_STANDARD = "gnu++20";
				CLANG_ENABLE_MODULES = YES;
				CLANG_ENABLE_OBJC_ARC = YES;
				CLANG_ENABLE_OBJC_WEAK = YES;
				CLANG_WARN_BLOCK_CAPTURE_AUTORELEASING = YES;
				CLANG_WARN_BOOL_CONVERSION = YES;
				CLANG_WARN_COMMA = YES;
				CLANG_WARN_CONSTANT_CONVERSION = YES;
				CLANG_WARN_DEPRECATED_OBJC_IMPLEMENTATIONS = YES;
				CLANG_WARN_DIRECT_OBJC_ISA_USAGE = YES_ERROR;
				CLANG_WARN_DOCUMENTATION_COMMENTS = YES;
				CLANG_WARN_EMPTY_BODY = YES;
				CLANG_WARN_ENUM_CONVERSION = YES;
				CLANG_WARN_INFINITE_RECURSION = YES;
				CLANG_WARN_INT_CONVERSION = YES;
				CLANG_WARN_NON_LITERAL_NULL_CONVERSION = YES;
				CLANG_WARN_OBJC_IMPLICIT_RETAIN_SELF = YES;
				CLANG_WARN_OBJC_LITERAL_CONVERSION = YES;
				CLANG_WARN_OBJC_ROOT_CLASS = YES_ERROR;
				CLANG_WARN_QUOTED_INCLUDE_IN_FRAMEWORK_HEADER = YES;
				CLANG_WARN_RANGE_LOOP_ANALYSIS = YES;
				CLANG_WARN_STRICT_PROTOTYPES = YES;
				CLANG_WARN_SUSPICIOUS_MOVE = YES;
				CLANG_WARN_UNGUARDED_AVAILABILITY = YES_AGGRESSIVE;
				CLANG_WARN_UNREACHABLE_CODE = YES;
				CLANG_WARN__DUPLICATE_METHOD_MATCH = YES;
				COPY_PHASE_STRIP = NO;
				DEAD_CODE_STRIPPING = YES;
				DEBUG_INFORMATION_FORMAT = "dwarf-with-dsym";
				DEVELOPMENT_TEAM = DZT7WAAW32;
				ENABLE_NS_ASSERTIONS = NO;
				ENABLE_STRICT_OBJC_MSGSEND = YES;
				ENABLE_USER_SCRIPT_SANDBOXING = YES;
				GCC_C_LANGUAGE_STANDARD = gnu17;
				GCC_NO_COMMON_BLOCKS = YES;
				GCC_WARN_64_TO_32_BIT_CONVERSION = YES;
				GCC_WARN_ABOUT_RETURN_TYPE = YES_ERROR;
				GCC_WARN_UNDECLARED_SELECTOR = YES;
				GCC_WARN_UNINITIALIZED_AUTOS = YES_AGGRESSIVE;
				GCC_WARN_UNUSED_FUNCTION = YES;
				GCC_WARN_UNUSED_VARIABLE = YES;
				LOCALIZATION_PREFERS_STRING_CATALOGS = YES;
				MTL_ENABLE_DEBUG_INFO = NO;
				MTL_FAST_MATH = YES;
				STRING_CATALOG_GENERATE_SYMBOLS = YES;
				SWIFT_COMPILATION_MODE = wholemodule;
			};
			name = Release;
		};
		F995DD4930603F1D00B69010 /* Debug configuration for PBXNativeTarget "Calories" */ = {
			isa = XCBuildConfiguration;
			buildSettings = {
				ASSETCATALOG_COMPILER_APPICON_NAME = AppIcon;
				ASSETCATALOG_COMPILER_GLOBAL_ACCENT_COLOR_NAME = AccentColor;
				CODE_SIGN_ENTITLEMENTS = Calories/Calories.entitlements;
				CODE_SIGN_STYLE = Automatic;
				CURRENT_PROJECT_VERSION = 1;
				DEAD_CODE_STRIPPING = YES;
				DEVELOPMENT_TEAM = DZT7WAAW32;
				ENABLE_APP_SANDBOX = YES;
				ENABLE_HARDENED_RUNTIME = YES;
				ENABLE_PREVIEWS = YES;
				ENABLE_USER_SELECTED_FILES = readonly;
				GENERATE_INFOPLIST_FILE = YES;
				INFOPLIST_KEY_CFBundleDisplayName = Calories;
				INFOPLIST_KEY_LSApplicationCategoryType = "public.app-category.healthcare-fitness";
				INFOPLIST_KEY_NSHealthClinicalHealthRecordsShareUsageDescription = "This app does not access your clinical health records, but this permission is required by the system for HealthKit integration.";
				INFOPLIST_KEY_NSHealthShareUsageDescription = "This app requires access to your health data to read your daily calorie intake and help you track it against your limit.";
				INFOPLIST_KEY_NSHealthUpdateUsageDescription = "This app requires access to your health data to read your daily calorie intake and help you track it against your limit.";
				"INFOPLIST_KEY_UIApplicationSceneManifest_Generation[sdk=iphoneos*]" = YES;
				"INFOPLIST_KEY_UIApplicationSceneManifest_Generation[sdk=iphonesimulator*]" = YES;
				"INFOPLIST_KEY_UIApplicationSupportsIndirectInputEvents[sdk=iphoneos*]" = YES;
				"INFOPLIST_KEY_UIApplicationSupportsIndirectInputEvents[sdk=iphonesimulator*]" = YES;
				"INFOPLIST_KEY_UILaunchScreen_Generation[sdk=iphoneos*]" = YES;
				"INFOPLIST_KEY_UILaunchScreen_Generation[sdk=iphonesimulator*]" = YES;
				"INFOPLIST_KEY_UIStatusBarStyle[sdk=iphoneos*]" = UIStatusBarStyleDefault;
				"INFOPLIST_KEY_UIStatusBarStyle[sdk=iphonesimulator*]" = UIStatusBarStyleDefault;
				INFOPLIST_KEY_UISupportedInterfaceOrientations_iPad = "UIInterfaceOrientationPortrait UIInterfaceOrientationPortraitUpsideDown UIInterfaceOrientationLandscapeLeft UIInterfaceOrientationLandscapeRight";
				INFOPLIST_KEY_UISupportedInterfaceOrientations_iPhone = "UIInterfaceOrientationPortrait UIInterfaceOrientationLandscapeLeft UIInterfaceOrientationLandscapeRight";
				IPHONEOS_DEPLOYMENT_TARGET = 26.0;
				LD_RUNPATH_SEARCH_PATHS = "@executable_path/Frameworks";
				"LD_RUNPATH_SEARCH_PATHS[sdk=macosx*]" = "@executable_path/../Frameworks";
				MACOSX_DEPLOYMENT_TARGET = 26.0;
				MARKETING_VERSION = 1.0;
				PRODUCT_BUNDLE_IDENTIFIER = com.radobley.Calories;
				PRODUCT_NAME = "$(TARGET_NAME)";
				REGISTER_APP_GROUPS = YES;
				SDKROOT = auto;
				STRING_CATALOG_GENERATE_SYMBOLS = YES;
				SUPPORTED_PLATFORMS = "iphoneos iphonesimulator macosx xros xrsimulator";
				SWIFT_APPROACHABLE_CONCURRENCY = YES;
				SWIFT_DEFAULT_ACTOR_ISOLATION = MainActor;
				SWIFT_EMIT_LOC_STRINGS = YES;
				SWIFT_UPCOMING_FEATURE_MEMBER_IMPORT_VISIBILITY = YES;
				SWIFT_VERSION = 5.0;
				TARGETED_DEVICE_FAMILY = "1,2,7";
				XROS_DEPLOYMENT_TARGET = 26.0;
			};
			name = Debug;
		};
		F995DD4A30603F1D00B69010 /* Release configuration for PBXNativeTarget "Calories" */ = {
			isa = XCBuildConfiguration;
			buildSettings = {
				ASSETCATALOG_COMPILER_APPICON_NAME = AppIcon;
				ASSETCATALOG_COMPILER_GLOBAL_ACCENT_COLOR_NAME = AccentColor;
				CODE_SIGN_ENTITLEMENTS = Calories/Calories.entitlements;
				CODE_SIGN_STYLE = Automatic;
				CURRENT_PROJECT_VERSION = 1;
				DEAD_CODE_STRIPPING = YES;
				DEVELOPMENT_TEAM = DZT7WAAW32;
				ENABLE_APP_SANDBOX = YES;
				ENABLE_HARDENED_RUNTIME = YES;
				ENABLE_PREVIEWS = YES;
				ENABLE_USER_SELECTED_FILES = readonly;
				GENERATE_INFOPLIST_FILE = YES;
				INFOPLIST_KEY_CFBundleDisplayName = Calories;
				INFOPLIST_KEY_LSApplicationCategoryType = "public.app-category.healthcare-fitness";
				INFOPLIST_KEY_NSHealthClinicalHealthRecordsShareUsageDescription = "This app does not access your clinical health records, but this permission is required by the system for HealthKit integration.";
				INFOPLIST_KEY_NSHealthShareUsageDescription = "This app requires access to your health data to read your daily calorie intake and help you track it against your limit.";
				INFOPLIST_KEY_NSHealthUpdateUsageDescription = "This app requires access to your health data to read your daily calorie intake and help you track it against your limit.";
				"INFOPLIST_KEY_UIApplicationSceneManifest_Generation[sdk=iphoneos*]" = YES;
				"INFOPLIST_KEY_UIApplicationSceneManifest_Generation[sdk=iphonesimulator*]" = YES;
				"INFOPLIST_KEY_UIApplicationSupportsIndirectInputEvents[sdk=iphoneos*]" = YES;
				"INFOPLIST_KEY_UIApplicationSupportsIndirectInputEvents[sdk=iphonesimulator*]" = YES;
				"INFOPLIST_KEY_UILaunchScreen_Generation[sdk=iphoneos*]" = YES;
				"INFOPLIST_KEY_UILaunchScreen_Generation[sdk=iphonesimulator*]" = YES;
				"INFOPLIST_KEY_UIStatusBarStyle[sdk=iphoneos*]" = UIStatusBarStyleDefault;
				"INFOPLIST_KEY_UIStatusBarStyle[sdk=iphonesimulator*]" = UIStatusBarStyleDefault;
				INFOPLIST_KEY_UISupportedInterfaceOrientations_iPad = "UIInterfaceOrientationPortrait UIInterfaceOrientationPortraitUpsideDown UIInterfaceOrientationLandscapeLeft UIInterfaceOrientationLandscapeRight";
				INFOPLIST_KEY_UISupportedInterfaceOrientations_iPhone = "UIInterfaceOrientationPortrait UIInterfaceOrientationLandscapeLeft UIInterfaceOrientationLandscapeRight";
				IPHONEOS_DEPLOYMENT_TARGET = 26.0;
				LD_RUNPATH_SEARCH_PATHS = "@executable_path/Frameworks";
				"LD_RUNPATH_SEARCH_PATHS[sdk=macosx*]" = "@executable_path/../Frameworks";
				MACOSX_DEPLOYMENT_TARGET = 26.0;
				MARKETING_VERSION = 1.0;
				PRODUCT_BUNDLE_IDENTIFIER = com.radobley.Calories;
				PRODUCT_NAME = "$(TARGET_NAME)";
				REGISTER_APP_GROUPS = YES;
				SDKROOT = auto;
				STRING_CATALOG_GENERATE_SYMBOLS = YES;
				SUPPORTED_PLATFORMS = "iphoneos iphonesimulator macosx xros xrsimulator";
				SWIFT_APPROACHABLE_CONCURRENCY = YES;
				SWIFT_DEFAULT_ACTOR_ISOLATION = MainActor;
				SWIFT_EMIT_LOC_STRINGS = YES;
				SWIFT_UPCOMING_FEATURE_MEMBER_IMPORT_VISIBILITY = YES;
				SWIFT_VERSION = 5.0;
				TARGETED_DEVICE_FAMILY = "1,2,7";
				XROS_DEPLOYMENT_TARGET = 26.0;
			};
			name = Release;
		};
		F9E720AF3064058100E78CDC /* Debug configuration for PBXNativeTarget "Calories WidgetsExtension Watch" */ = {
			isa = XCBuildConfiguration;
			buildSettings = {
				ASSETCATALOG_COMPILER_GLOBAL_ACCENT_COLOR_NAME = AccentColor;
				ASSETCATALOG_COMPILER_WIDGET_BACKGROUND_COLOR_NAME = WidgetBackground;
				CODE_SIGN_ENTITLEMENTS = "Calories WidgetsExtension.entitlements";
				CODE_SIGN_STYLE = Automatic;
				CURRENT_PROJECT_VERSION = 1;
				DEVELOPMENT_TEAM = DZT7WAAW32;
				GENERATE_INFOPLIST_FILE = YES;
				INFOPLIST_FILE = "Calories Widgets/Info.plist";
				INFOPLIST_KEY_CFBundleDisplayName = Calories;
				INFOPLIST_KEY_NSHealthClinicalHealthRecordsShareUsageDescription = "This app does not access your clinical health records, but this permission is required by the system for HealthKit integration.";
				INFOPLIST_KEY_NSHealthShareUsageDescription = "This app requires access to your health data to read your daily calorie intake and help you track it against your limit.";
				INFOPLIST_KEY_NSHealthUpdateUsageDescription = "This app requires access to your health data to read your daily calorie intake and help you track it against your limit.";
				INFOPLIST_KEY_NSHumanReadableCopyright = "";
				LD_RUNPATH_SEARCH_PATHS = (
					"$(inherited)",
					"@executable_path/Frameworks",
					"@executable_path/../../Frameworks",
					"@executable_path/../../../../Frameworks",
				);
				MARKETING_VERSION = 1.0;
				PRODUCT_BUNDLE_IDENTIFIER = com.radobley.Calories.watchkitapp.Widgets;
				PRODUCT_NAME = "$(TARGET_NAME)";
				SDKROOT = watchos;
				SKIP_INSTALL = YES;
				STRING_CATALOG_GENERATE_SYMBOLS = YES;
				SWIFT_APPROACHABLE_CONCURRENCY = YES;
				SWIFT_EMIT_LOC_STRINGS = YES;
				SWIFT_UPCOMING_FEATURE_MEMBER_IMPORT_VISIBILITY = YES;
				SWIFT_VERSION = 5.0;
				TARGETED_DEVICE_FAMILY = 4;
				WATCHOS_DEPLOYMENT_TARGET = 26.0;
			};
			name = Debug;
		};
		F9E720B03064058100E78CDC /* Release configuration for PBXNativeTarget "Calories WidgetsExtension Watch" */ = {
			isa = XCBuildConfiguration;
			buildSettings = {
				ASSETCATALOG_COMPILER_GLOBAL_ACCENT_COLOR_NAME = AccentColor;
				ASSETCATALOG_COMPILER_WIDGET_BACKGROUND_COLOR_NAME = WidgetBackground;
				CODE_SIGN_ENTITLEMENTS = "Calories WidgetsExtension.entitlements";
				CODE_SIGN_STYLE = Automatic;
				CURRENT_PROJECT_VERSION = 1;
				DEVELOPMENT_TEAM = DZT7WAAW32;
				GENERATE_INFOPLIST_FILE = YES;
				INFOPLIST_FILE = "Calories Widgets/Info.plist";
				INFOPLIST_KEY_CFBundleDisplayName = Calories;
				INFOPLIST_KEY_NSHealthClinicalHealthRecordsShareUsageDescription = "This app does not access your clinical health records, but this permission is required by the system for HealthKit integration.";
				INFOPLIST_KEY_NSHealthShareUsageDescription = "This app requires access to your health data to read your daily calorie intake and help you track it against your limit.";
				INFOPLIST_KEY_NSHealthUpdateUsageDescription = "This app requires access to your health data to read your daily calorie intake and help you track it against your limit.";
				INFOPLIST_KEY_NSHumanReadableCopyright = "";
				LD_RUNPATH_SEARCH_PATHS = (
					"$(inherited)",
					"@executable_path/Frameworks",
					"@executable_path/../../Frameworks",
					"@executable_path/../../../../Frameworks",
				);
				MARKETING_VERSION = 1.0;
				PRODUCT_BUNDLE_IDENTIFIER = com.radobley.Calories.watchkitapp.Widgets;
				PRODUCT_NAME = "$(TARGET_NAME)";
				SDKROOT = watchos;
				SKIP_INSTALL = YES;
				STRING_CATALOG_GENERATE_SYMBOLS = YES;
				SWIFT_APPROACHABLE_CONCURRENCY = YES;
				SWIFT_EMIT_LOC_STRINGS = YES;
				SWIFT_UPCOMING_FEATURE_MEMBER_IMPORT_VISIBILITY = YES;
				SWIFT_VERSION = 5.0;
				TARGETED_DEVICE_FAMILY = 4;
				VALIDATE_PRODUCT = YES;
				WATCHOS_DEPLOYMENT_TARGET = 26.0;
			};
			name = Release;
		};
		F9FF118A3064211400E195FD /* Debug configuration for PBXNativeTarget "Calories WidgetsExtension" */ = {
			isa = XCBuildConfiguration;
			buildSettings = {
				ASSETCATALOG_COMPILER_GLOBAL_ACCENT_COLOR_NAME = AccentColor;
				ASSETCATALOG_COMPILER_WIDGET_BACKGROUND_COLOR_NAME = WidgetBackground;
				CODE_SIGN_ENTITLEMENTS = "Calories WidgetsExtension.entitlements";
				CODE_SIGN_STYLE = Automatic;
				CURRENT_PROJECT_VERSION = 1;
				DEVELOPMENT_TEAM = DZT7WAAW32;
				ENABLE_APP_SANDBOX = YES;
				ENABLE_HARDENED_RUNTIME = YES;
				ENABLE_OUTGOING_NETWORK_CONNECTIONS = YES;
				GENERATE_INFOPLIST_FILE = YES;
				INFOPLIST_FILE = "Calories WidgetsExtension copy-Info.plist";
				INFOPLIST_KEY_CFBundleDisplayName = Calories;
				INFOPLIST_KEY_NSHealthClinicalHealthRecordsShareUsageDescription = "This app does not access your clinical health records, but this permission is required by the system for HealthKit integration.";
				INFOPLIST_KEY_NSHealthShareUsageDescription = "This app requires access to your health data to read your daily calorie intake and help you track it against your limit.";
				INFOPLIST_KEY_NSHealthUpdateUsageDescription = "This app requires access to your health data to read your daily calorie intake and help you track it against your limit.";
				INFOPLIST_KEY_NSHumanReadableCopyright = "";
				IPHONEOS_DEPLOYMENT_TARGET = 26.0;
				LD_RUNPATH_SEARCH_PATHS = (
					"$(inherited)",
					"@executable_path/Frameworks",
					"@executable_path/../../Frameworks",
					"@executable_path/../../../../Frameworks",
				);
				MARKETING_VERSION = 1.0;
				PRODUCT_BUNDLE_IDENTIFIER = com.radobley.Calories.Widgets;
				PRODUCT_NAME = "$(TARGET_NAME)";
				REGISTER_APP_GROUPS = YES;
				SDKROOT = watchos;
				SKIP_INSTALL = YES;
				STRING_CATALOG_GENERATE_SYMBOLS = YES;
				SUPPORTED_PLATFORMS = "iphoneos iphonesimulator xros xrsimulator";
				SUPPORTS_MACCATALYST = NO;
				SWIFT_APPROACHABLE_CONCURRENCY = YES;
				SWIFT_EMIT_LOC_STRINGS = YES;
				SWIFT_UPCOMING_FEATURE_MEMBER_IMPORT_VISIBILITY = YES;
				SWIFT_VERSION = 5.0;
				TARGETED_DEVICE_FAMILY = "1,7";
				WATCHOS_DEPLOYMENT_TARGET = 27.0;
				XROS_DEPLOYMENT_TARGET = 26.0;
			};
			name = Debug;
		};
		F9FF118B3064211400E195FD /* Release configuration for PBXNativeTarget "Calories WidgetsExtension" */ = {
			isa = XCBuildConfiguration;
			buildSettings = {
				ASSETCATALOG_COMPILER_GLOBAL_ACCENT_COLOR_NAME = AccentColor;
				ASSETCATALOG_COMPILER_WIDGET_BACKGROUND_COLOR_NAME = WidgetBackground;
				CODE_SIGN_ENTITLEMENTS = "Calories WidgetsExtension.entitlements";
				CODE_SIGN_STYLE = Automatic;
				CURRENT_PROJECT_VERSION = 1;
				DEVELOPMENT_TEAM = DZT7WAAW32;
				ENABLE_APP_SANDBOX = YES;
				ENABLE_HARDENED_RUNTIME = YES;
				ENABLE_OUTGOING_NETWORK_CONNECTIONS = YES;
				GENERATE_INFOPLIST_FILE = YES;
				INFOPLIST_FILE = "Calories WidgetsExtension copy-Info.plist";
				INFOPLIST_KEY_CFBundleDisplayName = Calories;
				INFOPLIST_KEY_NSHealthClinicalHealthRecordsShareUsageDescription = "This app does not access your clinical health records, but this permission is required by the system for HealthKit integration.";
				INFOPLIST_KEY_NSHealthShareUsageDescription = "This app requires access to your health data to read your daily calorie intake and help you track it against your limit.";
				INFOPLIST_KEY_NSHealthUpdateUsageDescription = "This app requires access to your health data to read your daily calorie intake and help you track it against your limit.";
				INFOPLIST_KEY_NSHumanReadableCopyright = "";
				IPHONEOS_DEPLOYMENT_TARGET = 26.0;
				LD_RUNPATH_SEARCH_PATHS = (
					"$(inherited)",
					"@executable_path/Frameworks",
					"@executable_path/../../Frameworks",
					"@executable_path/../../../../Frameworks",
				);
				MARKETING_VERSION = 1.0;
				PRODUCT_BUNDLE_IDENTIFIER = com.radobley.Calories.Widgets;
				PRODUCT_NAME = "$(TARGET_NAME)";
				REGISTER_APP_GROUPS = YES;
				SDKROOT = watchos;
				SKIP_INSTALL = YES;
				STRING_CATALOG_GENERATE_SYMBOLS = YES;
				SUPPORTED_PLATFORMS = "iphoneos iphonesimulator xros xrsimulator";
				SUPPORTS_MACCATALYST = NO;
				SWIFT_APPROACHABLE_CONCURRENCY = YES;
				SWIFT_EMIT_LOC_STRINGS = YES;
				SWIFT_UPCOMING_FEATURE_MEMBER_IMPORT_VISIBILITY = YES;
				SWIFT_VERSION = 5.0;
				TARGETED_DEVICE_FAMILY = "1,7";
				VALIDATE_PRODUCT = YES;
				WATCHOS_DEPLOYMENT_TARGET = 27.0;
				XROS_DEPLOYMENT_TARGET = 26.0;
			};
			name = Release;
		};
/* End XCBuildConfiguration section */

/* Begin XCConfigurationList section */
		F957C3C73062A136007B022E /* Build configuration list for PBXNativeTarget "Calories for watchOS Watch App" */ = {
			isa = XCConfigurationList;
			buildConfigurations = (
				F957C3C83062A136007B022E /* Debug configuration for PBXNativeTarget "Calories for watchOS Watch App" */,
				F957C3C93062A136007B022E /* Release configuration for PBXNativeTarget "Calories for watchOS Watch App" */,
			);
			defaultConfigurationName = Release;
		};
		F995DD3830603F1C00B69010 /* Build configuration list for PBXProject "Calories" */ = {
			isa = XCConfigurationList;
			buildConfigurations = (
				F995DD4630603F1D00B69010 /* Debug configuration for PBXProject "Calories" */,
				F995DD4730603F1D00B69010 /* Release configuration for PBXProject "Calories" */,
			);
			defaultConfigurationName = Release;
		};
		F995DD4830603F1D00B69010 /* Build configuration list for PBXNativeTarget "Calories" */ = {
			isa = XCConfigurationList;
			buildConfigurations = (
				F995DD4930603F1D00B69010 /* Debug configuration for PBXNativeTarget "Calories" */,
				F995DD4A30603F1D00B69010 /* Release configuration for PBXNativeTarget "Calories" */,
			);
			defaultConfigurationName = Release;
		};
		F9E720AE3064058100E78CDC /* Build configuration list for PBXNativeTarget "Calories WidgetsExtension Watch" */ = {
			isa = XCConfigurationList;
			buildConfigurations = (
				F9E720AF3064058100E78CDC /* Debug configuration for PBXNativeTarget "Calories WidgetsExtension Watch" */,
				F9E720B03064058100E78CDC /* Release configuration for PBXNativeTarget "Calories WidgetsExtension Watch" */,
			);
			defaultConfigurationName = Release;
		};
		F9FF11893064211400E195FD /* Build configuration list for PBXNativeTarget "Calories WidgetsExtension" */ = {
			isa = XCConfigurationList;
			buildConfigurations = (
				F9FF118A3064211400E195FD /* Debug configuration for PBXNativeTarget "Calories WidgetsExtension" */,
				F9FF118B3064211400E195FD /* Release configuration for PBXNativeTarget "Calories WidgetsExtension" */,
			);
			defaultConfigurationName = Release;
		};
/* End XCConfigurationList section */
	};
	rootObject = F995DD3530603F1C00B69010 /* Project object */;
	validationLevel = 1;
}
